// !$*UTF8*$!
{
	archiveVersion = 1;
	classes = {
	};
	objectVersion = 51;
	objects = {

/* Begin PBXBuildFile section */
		0146E24A236D5E2200FF8731 /* AppDelegate.swift in Sources */ = {isa = PBXBuildFile; fileRef = 0146E249236D5E2200FF8731 /* AppDelegate.swift */; };
		0146E24C236D5E2200FF8731 /* SceneDelegate.swift in Sources */ = {isa = PBXBuildFile; fileRef = 0146E24B236D5E2200FF8731 /* SceneDelegate.swift */; };
		0146E251236D5E2200FF8731 /* Main.storyboard in Resources */ = {isa = PBXBuildFile; fileRef = 0146E24F236D5E2200FF8731 /* Main.storyboard */; };
		0146E253236D5E2300FF8731 /* Assets.xcassets in Resources */ = {isa = PBXBuildFile; fileRef = 0146E252236D5E2300FF8731 /* Assets.xcassets */; };
		0146E256236D5E2300FF8731 /* LaunchScreen.storyboard in Resources */ = {isa = PBXBuildFile; fileRef = 0146E254236D5E2300FF8731 /* LaunchScreen.storyboard */; };
		0146E261236D5E2400FF8731 /* ZaloraAssignmentTests.swift in Sources */ = {isa = PBXBuildFile; fileRef = 0146E260236D5E2400FF8731 /* ZaloraAssignmentTests.swift */; };
		0146E276236DD54300FF8731 /* RoundedUIButton.swift in Sources */ = {isa = PBXBuildFile; fileRef = 0146E275236DD54300FF8731 /* RoundedUIButton.swift */; };
		0146E278236DD58800FF8731 /* CustomUIView.swift in Sources */ = {isa = PBXBuildFile; fileRef = 0146E277236DD58800FF8731 /* CustomUIView.swift */; };
		0146E27A236DD80400FF8731 /* SignInViewController.swift in Sources */ = {isa = PBXBuildFile; fileRef = 0146E279236DD80400FF8731 /* SignInViewController.swift */; };
		0146E27C236DE17B00FF8731 /* SignInViewModel.swift in Sources */ = {isa = PBXBuildFile; fileRef = 0146E27B236DE17B00FF8731 /* SignInViewModel.swift */; };
		0146E27F236DE31D00FF8731 /* TwitterService.swift in Sources */ = {isa = PBXBuildFile; fileRef = 0146E27E236DE31D00FF8731 /* TwitterService.swift */; };
		0146E282236DE54D00FF8731 /* Constants.swift in Sources */ = {isa = PBXBuildFile; fileRef = 0146E281236DE54D00FF8731 /* Constants.swift */; };
		01672745236EC9F4006DDC8F /* HomeTableViewCell.swift in Sources */ = {isa = PBXBuildFile; fileRef = 01672744236EC9F4006DDC8F /* HomeTableViewCell.swift */; };
		01672747236EDA6F006DDC8F /* TwitterUserProfile.swift in Sources */ = {isa = PBXBuildFile; fileRef = 01672746236EDA6F006DDC8F /* TwitterUserProfile.swift */; };
		01672748236EDA6F006DDC8F /* TwitterUserProfile.swift in Sources */ = {isa = PBXBuildFile; fileRef = 01672746236EDA6F006DDC8F /* TwitterUserProfile.swift */; };
		0167274A236EEA16006DDC8F /* TweetListViewModel.swift in Sources */ = {isa = PBXBuildFile; fileRef = 01672749236EEA16006DDC8F /* TweetListViewModel.swift */; };
		0167274B236EEA16006DDC8F /* TweetListViewModel.swift in Sources */ = {isa = PBXBuildFile; fileRef = 01672749236EEA16006DDC8F /* TweetListViewModel.swift */; };
		0167274D236EEA46006DDC8F /* TweetViewModel.swift in Sources */ = {isa = PBXBuildFile; fileRef = 0167274C236EEA46006DDC8F /* TweetViewModel.swift */; };
		0167274E236EEA46006DDC8F /* TweetViewModel.swift in Sources */ = {isa = PBXBuildFile; fileRef = 0167274C236EEA46006DDC8F /* TweetViewModel.swift */; };
		01672750236EEA57006DDC8F /* TweetModel.swift in Sources */ = {isa = PBXBuildFile; fileRef = 0167274F236EEA57006DDC8F /* TweetModel.swift */; };
		01672751236EEA57006DDC8F /* TweetModel.swift in Sources */ = {isa = PBXBuildFile; fileRef = 0167274F236EEA57006DDC8F /* TweetModel.swift */; };
		01672754236EF2C1006DDC8F /* FunctionalHelper.swift in Sources */ = {isa = PBXBuildFile; fileRef = 01672753236EF2C1006DDC8F /* FunctionalHelper.swift */; };
		01672755236EF2C1006DDC8F /* FunctionalHelper.swift in Sources */ = {isa = PBXBuildFile; fileRef = 01672753236EF2C1006DDC8F /* FunctionalHelper.swift */; };
		01672758236EF34F006DDC8F /* String+Extension.swift in Sources */ = {isa = PBXBuildFile; fileRef = 01672757236EF34F006DDC8F /* String+Extension.swift */; };
		01672759236EF34F006DDC8F /* String+Extension.swift in Sources */ = {isa = PBXBuildFile; fileRef = 01672757236EF34F006DDC8F /* String+Extension.swift */; };
		0167275B236EF39F006DDC8F /* MessageFormatter.swift in Sources */ = {isa = PBXBuildFile; fileRef = 0167275A236EF39F006DDC8F /* MessageFormatter.swift */; };
		0167275C236EF39F006DDC8F /* MessageFormatter.swift in Sources */ = {isa = PBXBuildFile; fileRef = 0167275A236EF39F006DDC8F /* MessageFormatter.swift */; };
		0167275E236EF511006DDC8F /* MessageFormatterTests.swift in Sources */ = {isa = PBXBuildFile; fileRef = 0167275D236EF511006DDC8F /* MessageFormatterTests.swift */; };
		01672760236F092B006DDC8F /* CreateTweetViewController.swift in Sources */ = {isa = PBXBuildFile; fileRef = 0167275F236F092B006DDC8F /* CreateTweetViewController.swift */; };
		01672762236F2DCD006DDC8F /* CreateTweetViewModel.swift in Sources */ = {isa = PBXBuildFile; fileRef = 01672761236F2DCD006DDC8F /* CreateTweetViewModel.swift */; };
		01672763236F2DCD006DDC8F /* CreateTweetViewModel.swift in Sources */ = {isa = PBXBuildFile; fileRef = 01672761236F2DCD006DDC8F /* CreateTweetViewModel.swift */; };
		0195AB34236E652900549E17 /* HomeViewController.swift in Sources */ = {isa = PBXBuildFile; fileRef = 0195AB33236E652900549E17 /* HomeViewController.swift */; };
		0195AB36236E68E000549E17 /* HomeViewModel.swift in Sources */ = {isa = PBXBuildFile; fileRef = 0195AB35236E68E000549E17 /* HomeViewModel.swift */; };
		0195AB37236E68E000549E17 /* HomeViewModel.swift in Sources */ = {isa = PBXBuildFile; fileRef = 0195AB35236E68E000549E17 /* HomeViewModel.swift */; };
		0195AB39236E6A7C00549E17 /* TwitterUserToken.swift in Sources */ = {isa = PBXBuildFile; fileRef = 0195AB38236E6A7C00549E17 /* TwitterUserToken.swift */; };
		0195AB3A236E6A7C00549E17 /* TwitterUserToken.swift in Sources */ = {isa = PBXBuildFile; fileRef = 0195AB38236E6A7C00549E17 /* TwitterUserToken.swift */; };
		5BAB7B1FD94F866B7BCD98F7 /* Pods_ZaloraAssignment.framework in Frameworks */ = {isa = PBXBuildFile; fileRef = 574192D4F8C97F871E8FB9CD /* Pods_ZaloraAssignment.framework */; };
		C48AB5546FDFB5A2367304C6 /* Pods_ZaloraAssignmentTests.framework in Frameworks */ = {isa = PBXBuildFile; fileRef = CD75F463E12E61A685685854 /* Pods_ZaloraAssignmentTests.framework */; };
/* End PBXBuildFile section */

/* Begin PBXContainerItemProxy section */
		0146E25D236D5E2400FF8731 /* PBXContainerItemProxy */ = {
			isa = PBXContainerItemProxy;
			containerPortal = 0146E23E236D5E2200FF8731 /* Project object */;
			proxyType = 1;
			remoteGlobalIDString = 0146E245236D5E2200FF8731;
			remoteInfo = ZaloraAssignment;
		};
/* End PBXContainerItemProxy section */

/* Begin PBXFileReference section */
		0146E246236D5E2200FF8731 /* ZaloraAssignment.app */ = {isa = PBXFileReference; explicitFileType = wrapper.application; includeInIndex = 0; path = ZaloraAssignment.app; sourceTree = BUILT_PRODUCTS_DIR; };
		0146E249236D5E2200FF8731 /* AppDelegate.swift */ = {isa = PBXFileReference; lastKnownFileType = sourcecode.swift; path = AppDelegate.swift; sourceTree = "<group>"; };
		0146E24B236D5E2200FF8731 /* SceneDelegate.swift */ = {isa = PBXFileReference; lastKnownFileType = sourcecode.swift; path = SceneDelegate.swift; sourceTree = "<group>"; };
		0146E250236D5E2200FF8731 /* Base */ = {isa = PBXFileReference; lastKnownFileType = file.storyboard; name = Base; path = Base.lproj/Main.storyboard; sourceTree = "<group>"; };
		0146E252236D5E2300FF8731 /* Assets.xcassets */ = {isa = PBXFileReference; lastKnownFileType = folder.assetcatalog; path = Assets.xcassets; sourceTree = "<group>"; };
		0146E255236D5E2300FF8731 /* Base */ = {isa = PBXFileReference; lastKnownFileType = file.storyboard; name = Base; path = Base.lproj/LaunchScreen.storyboard; sourceTree = "<group>"; };
		0146E257236D5E2300FF8731 /* Info.plist */ = {isa = PBXFileReference; lastKnownFileType = text.plist.xml; path = Info.plist; sourceTree = "<group>"; };
		0146E25C236D5E2400FF8731 /* ZaloraAssignmentTests.xctest */ = {isa = PBXFileReference; explicitFileType = wrapper.cfbundle; includeInIndex = 0; path = ZaloraAssignmentTests.xctest; sourceTree = BUILT_PRODUCTS_DIR; };
		0146E260236D5E2400FF8731 /* ZaloraAssignmentTests.swift */ = {isa = PBXFileReference; lastKnownFileType = sourcecode.swift; path = ZaloraAssignmentTests.swift; sourceTree = "<group>"; };
		0146E262236D5E2400FF8731 /* Info.plist */ = {isa = PBXFileReference; lastKnownFileType = text.plist.xml; path = Info.plist; sourceTree = "<group>"; };
		0146E275236DD54300FF8731 /* RoundedUIButton.swift */ = {isa = PBXFileReference; lastKnownFileType = sourcecode.swift; path = RoundedUIButton.swift; sourceTree = "<group>"; };
		0146E277236DD58800FF8731 /* CustomUIView.swift */ = {isa = PBXFileReference; lastKnownFileType = sourcecode.swift; path = CustomUIView.swift; sourceTree = "<group>"; };
		0146E279236DD80400FF8731 /* SignInViewController.swift */ = {isa = PBXFileReference; lastKnownFileType = sourcecode.swift; path = SignInViewController.swift; sourceTree = "<group>"; };
		0146E27B236DE17B00FF8731 /* SignInViewModel.swift */ = {isa = PBXFileReference; lastKnownFileType = sourcecode.swift; path = SignInViewModel.swift; sourceTree = "<group>"; };
		0146E27E236DE31D00FF8731 /* TwitterService.swift */ = {isa = PBXFileReference; lastKnownFileType = sourcecode.swift; path = TwitterService.swift; sourceTree = "<group>"; };
		0146E281236DE54D00FF8731 /* Constants.swift */ = {isa = PBXFileReference; lastKnownFileType = sourcecode.swift; path = Constants.swift; sourceTree = "<group>"; };
		01672744236EC9F4006DDC8F /* HomeTableViewCell.swift */ = {isa = PBXFileReference; lastKnownFileType = sourcecode.swift; path = HomeTableViewCell.swift; sourceTree = "<group>"; };
		01672746236EDA6F006DDC8F /* TwitterUserProfile.swift */ = {isa = PBXFileReference; lastKnownFileType = sourcecode.swift; path = TwitterUserProfile.swift; sourceTree = "<group>"; };
		01672749236EEA16006DDC8F /* TweetListViewModel.swift */ = {isa = PBXFileReference; lastKnownFileType = sourcecode.swift; path = TweetListViewModel.swift; sourceTree = "<group>"; };
		0167274C236EEA46006DDC8F /* TweetViewModel.swift */ = {isa = PBXFileReference; lastKnownFileType = sourcecode.swift; path = TweetViewModel.swift; sourceTree = "<group>"; };
		0167274F236EEA57006DDC8F /* TweetModel.swift */ = {isa = PBXFileReference; lastKnownFileType = sourcecode.swift; path = TweetModel.swift; sourceTree = "<group>"; };
		01672753236EF2C1006DDC8F /* FunctionalHelper.swift */ = {isa = PBXFileReference; lastKnownFileType = sourcecode.swift; path = FunctionalHelper.swift; sourceTree = "<group>"; };
		01672757236EF34F006DDC8F /* String+Extension.swift */ = {isa = PBXFileReference; lastKnownFileType = sourcecode.swift; path = "String+Extension.swift"; sourceTree = "<group>"; };
		0167275A236EF39F006DDC8F /* MessageFormatter.swift */ = {isa = PBXFileReference; lastKnownFileType = sourcecode.swift; path = MessageFormatter.swift; sourceTree = "<group>"; };
		0167275D236EF511006DDC8F /* MessageFormatterTests.swift */ = {isa = PBXFileReference; lastKnownFileType = sourcecode.swift; path = MessageFormatterTests.swift; sourceTree = "<group>"; };
		0167275F236F092B006DDC8F /* CreateTweetViewController.swift */ = {isa = PBXFileReference; lastKnownFileType = sourcecode.swift; path = CreateTweetViewController.swift; sourceTree = "<group>"; };
		01672761236F2DCD006DDC8F /* CreateTweetViewModel.swift */ = {isa = PBXFileReference; lastKnownFileType = sourcecode.swift; path = CreateTweetViewModel.swift; sourceTree = "<group>"; };
		0195AB33236E652900549E17 /* HomeViewController.swift */ = {isa = PBXFileReference; lastKnownFileType = sourcecode.swift; path = HomeViewController.swift; sourceTree = "<group>"; };
		0195AB35236E68E000549E17 /* HomeViewModel.swift */ = {isa = PBXFileReference; lastKnownFileType = sourcecode.swift; path = HomeViewModel.swift; sourceTree = "<group>"; };
		0195AB38236E6A7C00549E17 /* TwitterUserToken.swift */ = {isa = PBXFileReference; lastKnownFileType = sourcecode.swift; path = TwitterUserToken.swift; sourceTree = "<group>"; };
		45B48047F65904BC6BF430E9 /* Pods-ZaloraAssignment.debug.xcconfig */ = {isa = PBXFileReference; includeInIndex = 1; lastKnownFileType = text.xcconfig; name = "Pods-ZaloraAssignment.debug.xcconfig"; path = "Target Support Files/Pods-ZaloraAssignment/Pods-ZaloraAssignment.debug.xcconfig"; sourceTree = "<group>"; };
		574192D4F8C97F871E8FB9CD /* Pods_ZaloraAssignment.framework */ = {isa = PBXFileReference; explicitFileType = wrapper.framework; includeInIndex = 0; path = Pods_ZaloraAssignment.framework; sourceTree = BUILT_PRODUCTS_DIR; };
		580D3462B715D87878DA9BD7 /* Pods-ZaloraAssignment.release.xcconfig */ = {isa = PBXFileReference; includeInIndex = 1; lastKnownFileType = text.xcconfig; name = "Pods-ZaloraAssignment.release.xcconfig"; path = "Target Support Files/Pods-ZaloraAssignment/Pods-ZaloraAssignment.release.xcconfig"; sourceTree = "<group>"; };
		CD75F463E12E61A685685854 /* Pods_ZaloraAssignmentTests.framework */ = {isa = PBXFileReference; explicitFileType = wrapper.framework; includeInIndex = 0; path = Pods_ZaloraAssignmentTests.framework; sourceTree = BUILT_PRODUCTS_DIR; };
		D7625DA9C7CB4A8F9D91867B /* Pods-ZaloraAssignmentTests.release.xcconfig */ = {isa = PBXFileReference; includeInIndex = 1; lastKnownFileType = text.xcconfig; name = "Pods-ZaloraAssignmentTests.release.xcconfig"; path = "Target Support Files/Pods-ZaloraAssignmentTests/Pods-ZaloraAssignmentTests.release.xcconfig"; sourceTree = "<group>"; };
		F3CB5819391161537E24740B /* Pods-ZaloraAssignmentTests.debug.xcconfig */ = {isa = PBXFileReference; includeInIndex = 1; lastKnownFileType = text.xcconfig; name = "Pods-ZaloraAssignmentTests.debug.xcconfig"; path = "Target Support Files/Pods-ZaloraAssignmentTests/Pods-ZaloraAssignmentTests.debug.xcconfig"; sourceTree = "<group>"; };
/* End PBXFileReference section */

/* Begin PBXFrameworksBuildPhase section */
		0146E243236D5E2200FF8731 /* Frameworks */ = {
			isa = PBXFrameworksBuildPhase;
			buildActionMask = 2147483647;
			files = (
				5BAB7B1FD94F866B7BCD98F7 /* Pods_ZaloraAssignment.framework in Frameworks */,
			);
			runOnlyForDeploymentPostprocessing = 0;
		};
		0146E259236D5E2400FF8731 /* Frameworks */ = {
			isa = PBXFrameworksBuildPhase;
			buildActionMask = 2147483647;
			files = (
				C48AB5546FDFB5A2367304C6 /* Pods_ZaloraAssignmentTests.framework in Frameworks */,
			);
			runOnlyForDeploymentPostprocessing = 0;
		};
/* End PBXFrameworksBuildPhase section */

/* Begin PBXGroup section */
		0146E23D236D5E2200FF8731 = {
			isa = PBXGroup;
			children = (
				0146E248236D5E2200FF8731 /* ZaloraAssignment */,
				0146E25F236D5E2400FF8731 /* ZaloraAssignmentTests */,
				0146E247236D5E2200FF8731 /* Products */,
				8C12C871CD37E6C86C25023F /* Pods */,
				F3A904E37A2F12609E77EF87 /* Frameworks */,
			);
			sourceTree = "<group>";
		};
		0146E247236D5E2200FF8731 /* Products */ = {
			isa = PBXGroup;
			children = (
				0146E246236D5E2200FF8731 /* ZaloraAssignment.app */,
				0146E25C236D5E2400FF8731 /* ZaloraAssignmentTests.xctest */,
			);
			name = Products;
			sourceTree = "<group>";
		};
		0146E248236D5E2200FF8731 /* ZaloraAssignment */ = {
			isa = PBXGroup;
			children = (
				0146E273236D653000FF8731 /* UI */,
				0146E272236D650E00FF8731 /* Delegates */,
				0146E26E236D64B600FF8731 /* Controllers */,
				0146E26D236D64B000FF8731 /* Model */,
				0146E26C236D64A900FF8731 /* View */,
				0146E26B236D648E00FF8731 /* ViewModel */,
				0146E26F236D64C500FF8731 /* Service */,
				01672752236EF2A2006DDC8F /* Helpers */,
				01672756236EF332006DDC8F /* Extensions */,
				0146E274236DD42F00FF8731 /* Layout */,
				0146E270236D64DF00FF8731 /* Resources */,
				0146E271236D64EE00FF8731 /* Config */,
				0146E257236D5E2300FF8731 /* Info.plist */,
			);
			path = ZaloraAssignment;
			sourceTree = "<group>";
		};
		0146E25F236D5E2400FF8731 /* ZaloraAssignmentTests */ = {
			isa = PBXGroup;
			children = (
				0146E260236D5E2400FF8731 /* ZaloraAssignmentTests.swift */,
				0146E262236D5E2400FF8731 /* Info.plist */,
				0167275D236EF511006DDC8F /* MessageFormatterTests.swift */,
			);
			path = ZaloraAssignmentTests;
			sourceTree = "<group>";
		};
		0146E26B236D648E00FF8731 /* ViewModel */ = {
			isa = PBXGroup;
			children = (
				0146E27B236DE17B00FF8731 /* SignInViewModel.swift */,
				0195AB35236E68E000549E17 /* HomeViewModel.swift */,
				01672749236EEA16006DDC8F /* TweetListViewModel.swift */,
				0167274C236EEA46006DDC8F /* TweetViewModel.swift */,
				01672761236F2DCD006DDC8F /* CreateTweetViewModel.swift */,
			);
			path = ViewModel;
			sourceTree = "<group>";
		};
		0146E26C236D64A900FF8731 /* View */ = {
			isa = PBXGroup;
			children = (
				01672744236EC9F4006DDC8F /* HomeTableViewCell.swift */,
			);
			path = View;
			sourceTree = "<group>";
		};
		0146E26D236D64B000FF8731 /* Model */ = {
			isa = PBXGroup;
			children = (
				0195AB38236E6A7C00549E17 /* TwitterUserToken.swift */,
				01672746236EDA6F006DDC8F /* TwitterUserProfile.swift */,
				0167274F236EEA57006DDC8F /* TweetModel.swift */,
			);
			path = Model;
			sourceTree = "<group>";
		};
		0146E26E236D64B600FF8731 /* Controllers */ = {
			isa = PBXGroup;
			children = (
				0146E279236DD80400FF8731 /* SignInViewController.swift */,
				0195AB33236E652900549E17 /* HomeViewController.swift */,
				0167275F236F092B006DDC8F /* CreateTweetViewController.swift */,
			);
			path = Controllers;
			sourceTree = "<group>";
		};
		0146E26F236D64C500FF8731 /* Service */ = {
			isa = PBXGroup;
			children = (
				0146E27E236DE31D00FF8731 /* TwitterService.swift */,
			);
			path = Service;
			sourceTree = "<group>";
		};
		0146E270236D64DF00FF8731 /* Resources */ = {
			isa = PBXGroup;
			children = (
				0146E252236D5E2300FF8731 /* Assets.xcassets */,
			);
			path = Resources;
			sourceTree = "<group>";
		};
		0146E271236D64EE00FF8731 /* Config */ = {
			isa = PBXGroup;
			children = (
				0146E281236DE54D00FF8731 /* Constants.swift */,
			);
			path = Config;
			sourceTree = "<group>";
		};
		0146E272236D650E00FF8731 /* Delegates */ = {
			isa = PBXGroup;
			children = (
				0146E249236D5E2200FF8731 /* AppDelegate.swift */,
				0146E24B236D5E2200FF8731 /* SceneDelegate.swift */,
			);
			path = Delegates;
			sourceTree = "<group>";
		};
		0146E273236D653000FF8731 /* UI */ = {
			isa = PBXGroup;
			children = (
				0146E24F236D5E2200FF8731 /* Main.storyboard */,
				0146E254236D5E2300FF8731 /* LaunchScreen.storyboard */,
			);
			path = UI;
			sourceTree = "<group>";
		};
		0146E274236DD42F00FF8731 /* Layout */ = {
			isa = PBXGroup;
			children = (
				0146E275236DD54300FF8731 /* RoundedUIButton.swift */,
				0146E277236DD58800FF8731 /* CustomUIView.swift */,
			);
			path = Layout;
			sourceTree = "<group>";
		};
		01672752236EF2A2006DDC8F /* Helpers */ = {
			isa = PBXGroup;
			children = (
				01672753236EF2C1006DDC8F /* FunctionalHelper.swift */,
				0167275A236EF39F006DDC8F /* MessageFormatter.swift */,
			);
			path = Helpers;
			sourceTree = "<group>";
		};
		01672756236EF332006DDC8F /* Extensions */ = {
			isa = PBXGroup;
			children = (
				01672757236EF34F006DDC8F /* String+Extension.swift */,
			);
			path = Extensions;
			sourceTree = "<group>";
		};
		8C12C871CD37E6C86C25023F /* Pods */ = {
			isa = PBXGroup;
			children = (
				45B48047F65904BC6BF430E9 /* Pods-ZaloraAssignment.debug.xcconfig */,
				580D3462B715D87878DA9BD7 /* Pods-ZaloraAssignment.release.xcconfig */,
				F3CB5819391161537E24740B /* Pods-ZaloraAssignmentTests.debug.xcconfig */,
				D7625DA9C7CB4A8F9D91867B /* Pods-ZaloraAssignmentTests.release.xcconfig */,
			);
			path = Pods;
			sourceTree = "<group>";
		};
		F3A904E37A2F12609E77EF87 /* Frameworks */ = {
			isa = PBXGroup;
			children = (
				574192D4F8C97F871E8FB9CD /* Pods_ZaloraAssignment.framework */,
				CD75F463E12E61A685685854 /* Pods_ZaloraAssignmentTests.framework */,
			);
			name = Frameworks;
			sourceTree = "<group>";
		};
/* End PBXGroup section */

/* Begin PBXNativeTarget section */
		0146E245236D5E2200FF8731 /* ZaloraAssignment */ = {
			isa = PBXNativeTarget;
			buildConfigurationList = 0146E265236D5E2400FF8731 /* Build configuration list for PBXNativeTarget "ZaloraAssignment" */;
			buildPhases = (
				D739080F8E966B0D22358CC6 /* [CP] Check Pods Manifest.lock */,
				0146E242236D5E2200FF8731 /* Sources */,
				0146E243236D5E2200FF8731 /* Frameworks */,
				0146E244236D5E2200FF8731 /* Resources */,
				D4512FE63EE06D2FC4ED69C2 /* [CP] Embed Pods Frameworks */,
			);
			buildRules = (
			);
			dependencies = (
			);
			name = ZaloraAssignment;
			productName = ZaloraAssignment;
			productReference = 0146E246236D5E2200FF8731 /* ZaloraAssignment.app */;
			productType = "com.apple.product-type.application";
		};
		0146E25B236D5E2400FF8731 /* ZaloraAssignmentTests */ = {
			isa = PBXNativeTarget;
			buildConfigurationList = 0146E268236D5E2400FF8731 /* Build configuration list for PBXNativeTarget "ZaloraAssignmentTests" */;
			buildPhases = (
				F05E7C2ECD2195F1623345A2 /* [CP] Check Pods Manifest.lock */,
				0146E258236D5E2400FF8731 /* Sources */,
				0146E259236D5E2400FF8731 /* Frameworks */,
				0146E25A236D5E2400FF8731 /* Resources */,
			);
			buildRules = (
			);
			dependencies = (
				0146E25E236D5E2400FF8731 /* PBXTargetDependency */,
			);
			name = ZaloraAssignmentTests;
			productName = ZaloraAssignmentTests;
			productReference = 0146E25C236D5E2400FF8731 /* ZaloraAssignmentTests.xctest */;
			productType = "com.apple.product-type.bundle.unit-test";
		};
/* End PBXNativeTarget section */

/* Begin PBXProject section */
		0146E23E236D5E2200FF8731 /* Project object */ = {
			isa = PBXProject;
			attributes = {
				LastSwiftUpdateCheck = 1120;
				LastUpgradeCheck = 1120;
				ORGANIZATIONNAME = "Frank Thamel";
				TargetAttributes = {
					0146E245236D5E2200FF8731 = {
						CreatedOnToolsVersion = 11.2;
					};
					0146E25B236D5E2400FF8731 = {
						CreatedOnToolsVersion = 11.2;
						TestTargetID = 0146E245236D5E2200FF8731;
					};
				};
			};
			buildConfigurationList = 0146E241236D5E2200FF8731 /* Build configuration list for PBXProject "ZaloraAssignment" */;
			compatibilityVersion = "Xcode 9.3";
			developmentRegion = en;
			hasScannedForEncodings = 0;
			knownRegions = (
				en,
				Base,
			);
			mainGroup = 0146E23D236D5E2200FF8731;
			productRefGroup = 0146E247236D5E2200FF8731 /* Products */;
			projectDirPath = "";
			projectRoot = "";
			targets = (
				0146E245236D5E2200FF8731 /* ZaloraAssignment */,
				0146E25B236D5E2400FF8731 /* ZaloraAssignmentTests */,
			);
		};
/* End PBXProject section */

/* Begin PBXResourcesBuildPhase section */
		0146E244236D5E2200FF8731 /* Resources */ = {
			isa = PBXResourcesBuildPhase;
			buildActionMask = 2147483647;
			files = (
				0146E256236D5E2300FF8731 /* LaunchScreen.storyboard in Resources */,
				0146E253236D5E2300FF8731 /* Assets.xcassets in Resources */,
				0146E251236D5E2200FF8731 /* Main.storyboard in Resources */,
			);
			runOnlyForDeploymentPostprocessing = 0;
		};
		0146E25A236D5E2400FF8731 /* Resources */ = {
			isa = PBXResourcesBuildPhase;
			buildActionMask = 2147483647;
			files = (
			);
			runOnlyForDeploymentPostprocessing = 0;
		};
/* End PBXResourcesBuildPhase section */

/* Begin PBXShellScriptBuildPhase section */
		D4512FE63EE06D2FC4ED69C2 /* [CP] Embed Pods Frameworks */ = {
			isa = PBXShellScriptBuildPhase;
			buildActionMask = 2147483647;
			files = (
			);
			inputFileListPaths = (
				"${PODS_ROOT}/Target Support Files/Pods-ZaloraAssignment/Pods-ZaloraAssignment-frameworks-${CONFIGURATION}-input-files.xcfilelist",
			);
			name = "[CP] Embed Pods Frameworks";
			outputFileListPaths = (
				"${PODS_ROOT}/Target Support Files/Pods-ZaloraAssignment/Pods-ZaloraAssignment-frameworks-${CONFIGURATION}-output-files.xcfilelist",
			);
			runOnlyForDeploymentPostprocessing = 0;
			shellPath = /bin/sh;
			shellScript = "\"${PODS_ROOT}/Target Support Files/Pods-ZaloraAssignment/Pods-ZaloraAssignment-frameworks.sh\"\n";
			showEnvVarsInLog = 0;
		};
		D739080F8E966B0D22358CC6 /* [CP] Check Pods Manifest.lock */ = {
			isa = PBXShellScriptBuildPhase;
			buildActionMask = 2147483647;
			files = (
			);
			inputFileListPaths = (
			);
			inputPaths = (
				"${PODS_PODFILE_DIR_PATH}/Podfile.lock",
				"${PODS_ROOT}/Manifest.lock",
			);
			name = "[CP] Check Pods Manifest.lock";
			outputFileListPaths = (
			);
			outputPaths = (
				"$(DERIVED_FILE_DIR)/Pods-ZaloraAssignment-checkManifestLockResult.txt",
			);
			runOnlyForDeploymentPostprocessing = 0;
			shellPath = /bin/sh;
			shellScript = "diff \"${PODS_PODFILE_DIR_PATH}/Podfile.lock\" \"${PODS_ROOT}/Manifest.lock\" > /dev/null\nif [ $? != 0 ] ; then\n    # print error to STDERR\n    echo \"error: The sandbox is not in sync with the Podfile.lock. Run 'pod install' or update your CocoaPods installation.\" >&2\n    exit 1\nfi\n# This output is used by Xcode 'outputs' to avoid re-running this script phase.\necho \"SUCCESS\" > \"${SCRIPT_OUTPUT_FILE_0}\"\n";
			showEnvVarsInLog = 0;
		};
		F05E7C2ECD2195F1623345A2 /* [CP] Check Pods Manifest.lock */ = {
			isa = PBXShellScriptBuildPhase;
			buildActionMask = 2147483647;
			files = (
			);
			inputFileListPaths = (
			);
			inputPaths = (
				"${PODS_PODFILE_DIR_PATH}/Podfile.lock",
				"${PODS_ROOT}/Manifest.lock",
			);
			name = "[CP] Check Pods Manifest.lock";
			outputFileListPaths = (
			);
			outputPaths = (
				"$(DERIVED_FILE_DIR)/Pods-ZaloraAssignmentTests-checkManifestLockResult.txt",
			);
			runOnlyForDeploymentPostprocessing = 0;
			shellPath = /bin/sh;
			shellScript = "diff \"${PODS_PODFILE_DIR_PATH}/Podfile.lock\" \"${PODS_ROOT}/Manifest.lock\" > /dev/null\nif [ $? != 0 ] ; then\n    # print error to STDERR\n    echo \"error: The sandbox is not in sync with the Podfile.lock. Run 'pod install' or update your CocoaPods installation.\" >&2\n    exit 1\nfi\n# This output is used by Xcode 'outputs' to avoid re-running this script phase.\necho \"SUCCESS\" > \"${SCRIPT_OUTPUT_FILE_0}\"\n";
			showEnvVarsInLog = 0;
		};
/* End PBXShellScriptBuildPhase section */

/* Begin PBXSourcesBuildPhase section */
		0146E242236D5E2200FF8731 /* Sources */ = {
			isa = PBXSourcesBuildPhase;
			buildActionMask = 2147483647;
			files = (
				01672747236EDA6F006DDC8F /* TwitterUserProfile.swift in Sources */,
				0146E278236DD58800FF8731 /* CustomUIView.swift in Sources */,
				0146E27F236DE31D00FF8731 /* TwitterService.swift in Sources */,
				0146E24A236D5E2200FF8731 /* AppDelegate.swift in Sources */,
				0195AB39236E6A7C00549E17 /* TwitterUserToken.swift in Sources */,
				01672754236EF2C1006DDC8F /* FunctionalHelper.swift in Sources */,
				01672760236F092B006DDC8F /* CreateTweetViewController.swift in Sources */,
				01672750236EEA57006DDC8F /* TweetModel.swift in Sources */,
				0195AB36236E68E000549E17 /* HomeViewModel.swift in Sources */,
				0167274D236EEA46006DDC8F /* TweetViewModel.swift in Sources */,
				0146E27C236DE17B00FF8731 /* SignInViewModel.swift in Sources */,
				01672758236EF34F006DDC8F /* String+Extension.swift in Sources */,
				01672745236EC9F4006DDC8F /* HomeTableViewCell.swift in Sources */,
				0167275B236EF39F006DDC8F /* MessageFormatter.swift in Sources */,
				0146E24C236D5E2200FF8731 /* SceneDelegate.swift in Sources */,
				0195AB34236E652900549E17 /* HomeViewController.swift in Sources */,
				0146E27A236DD80400FF8731 /* SignInViewController.swift in Sources */,
				0146E276236DD54300FF8731 /* RoundedUIButton.swift in Sources */,
				0167274A236EEA16006DDC8F /* TweetListViewModel.swift in Sources */,
				01672762236F2DCD006DDC8F /* CreateTweetViewModel.swift in Sources */,
				0146E282236DE54D00FF8731 /* Constants.swift in Sources */,
			);
			runOnlyForDeploymentPostprocessing = 0;
		};
		0146E258236D5E2400FF8731 /* Sources */ = {
			isa = PBXSourcesBuildPhase;
			buildActionMask = 2147483647;
			files = (
				01672755236EF2C1006DDC8F /* FunctionalHelper.swift in Sources */,
				01672759236EF34F006DDC8F /* String+Extension.swift in Sources */,
				01672748236EDA6F006DDC8F /* TwitterUserProfile.swift in Sources */,
				0146E261236D5E2400FF8731 /* ZaloraAssignmentTests.swift in Sources */,
				0167274E236EEA46006DDC8F /* TweetViewModel.swift in Sources */,
				0167275E236EF511006DDC8F /* MessageFormatterTests.swift in Sources */,
				0195AB3A236E6A7C00549E17 /* TwitterUserToken.swift in Sources */,
				01672751236EEA57006DDC8F /* TweetModel.swift in Sources */,
				0167274B236EEA16006DDC8F /* TweetListViewModel.swift in Sources */,
				0167275C236EF39F006DDC8F /* MessageFormatter.swift in Sources */,
				01672763236F2DCD006DDC8F /* CreateTweetViewModel.swift in Sources */,
				0195AB37236E68E000549E17 /* HomeViewModel.swift in Sources */,
			);
			runOnlyForDeploymentPostprocessing = 0;
		};
/* End PBXSourcesBuildPhase section */

/* Begin PBXTargetDependency section */
		0146E25E236D5E2400FF8731 /* PBXTargetDependency */ = {
			isa = PBXTargetDependency;
			target = 0146E245236D5E2200FF8731 /* ZaloraAssignment */;
			targetProxy = 0146E25D236D5E2400FF8731 /* PBXContainerItemProxy */;
		};
/* End PBXTargetDependency section */

/* Begin PBXVariantGroup section */
		0146E24F236D5E2200FF8731 /* Main.storyboard */ = {
			isa = PBXVariantGroup;
			children = (
				0146E250236D5E2200FF8731 /* Base */,
			);
			name = Main.storyboard;
			sourceTree = "<group>";
		};
		0146E254236D5E2300FF8731 /* LaunchScreen.storyboard */ = {
			isa = PBXVariantGroup;
			children = (
				0146E255236D5E2300FF8731 /* Base */,
			);
			name = LaunchScreen.storyboard;
			sourceTree = "<group>";
		};
/* End PBXVariantGroup section */

/* Begin XCBuildConfiguration section */
		0146E263236D5E2400FF8731 /* Debug */ = {
			isa = XCBuildConfiguration;
			buildSettings = {
				ALWAYS_SEARCH_USER_PATHS = NO;
				CLANG_ANALYZER_NONNULL = YES;
				CLANG_ANALYZER_NUMBER_OBJECT_CONVERSION = YES_AGGRESSIVE;
				CLANG_CXX_LANGUAGE_STANDARD = "gnu++14";
				CLANG_CXX_LIBRARY = "libc++";
				CLANG_ENABLE_MODULES = YES;
				CLANG_ENABLE_OBJC_ARC = YES;
				CLANG_ENABLE_OBJC_WEAK = YES;
				CLANG_WARN_BLOCK_CAPTURE_AUTORELEASING = YES;
				CLANG_WARN_BOOL_CONVERSION = YES;
				CLANG_WARN_COMMA = YES;
				CLANG_WARN_CONSTANT_CONVERSION = YES;
				CLANG_WARN_DEPRECATED_OBJC_IMPLEMENTATIONS = YES;
				CLANG_WARN_DIRECT_OBJC_ISA_USAGE = YES_ERROR;
				CLANG_WARN_DOCUMENTATION_COMMENTS = YES;
				CLANG_WARN_EMPTY_BODY = YES;
				CLANG_WARN_ENUM_CONVERSION = YES;
				CLANG_WARN_INFINITE_RECURSION = YES;
				CLANG_WARN_INT_CONVERSION = YES;
				CLANG_WARN_NON_LITERAL_NULL_CONVERSION = YES;
				CLANG_WARN_OBJC_IMPLICIT_RETAIN_SELF = YES;
				CLANG_WARN_OBJC_LITERAL_CONVERSION = YES;
				CLANG_WARN_OBJC_ROOT_CLASS = YES_ERROR;
				CLANG_WARN_RANGE_LOOP_ANALYSIS = YES;
				CLANG_WARN_STRICT_PROTOTYPES = YES;
				CLANG_WARN_SUSPICIOUS_MOVE = YES;
				CLANG_WARN_UNGUARDED_AVAILABILITY = YES_AGGRESSIVE;
				CLANG_WARN_UNREACHABLE_CODE = YES;
				CLANG_WARN__DUPLICATE_METHOD_MATCH = YES;
				COPY_PHASE_STRIP = NO;
				DEBUG_INFORMATION_FORMAT = dwarf;
				ENABLE_STRICT_OBJC_MSGSEND = YES;
				ENABLE_TESTABILITY = YES;
				GCC_C_LANGUAGE_STANDARD = gnu11;
				GCC_DYNAMIC_NO_PIC = NO;
				GCC_NO_COMMON_BLOCKS = YES;
				GCC_OPTIMIZATION_LEVEL = 0;
				GCC_PREPROCESSOR_DEFINITIONS = (
					"DEBUG=1",
					"$(inherited)",
				);
				GCC_WARN_64_TO_32_BIT_CONVERSION = YES;
				GCC_WARN_ABOUT_RETURN_TYPE = YES_ERROR;
				GCC_WARN_UNDECLARED_SELECTOR = YES;
				GCC_WARN_UNINITIALIZED_AUTOS = YES_AGGRESSIVE;
				GCC_WARN_UNUSED_FUNCTION = YES;
				GCC_WARN_UNUSED_VARIABLE = YES;
				IPHONEOS_DEPLOYMENT_TARGET = 13.0;
				MTL_ENABLE_DEBUG_INFO = INCLUDE_SOURCE;
				MTL_FAST_MATH = YES;
				ONLY_ACTIVE_ARCH = YES;
				SDKROOT = iphoneos;
				SWIFT_ACTIVE_COMPILATION_CONDITIONS = DEBUG;
				SWIFT_OPTIMIZATION_LEVEL = "-Onone";
			};
			name = Debug;
		};
		0146E264236D5E2400FF8731 /* Release */ = {
			isa = XCBuildConfiguration;
			buildSettings = {
				ALWAYS_SEARCH_USER_PATHS = NO;
				CLANG_ANALYZER_NONNULL = YES;
				CLANG_ANALYZER_NUMBER_OBJECT_CONVERSION = YES_AGGRESSIVE;
				CLANG_CXX_LANGUAGE_STANDARD = "gnu++14";
				CLANG_CXX_LIBRARY = "libc++";
				CLANG_ENABLE_MODULES = YES;
				CLANG_ENABLE_OBJC_ARC = YES;
				CLANG_ENABLE_OBJC_WEAK = YES;
				CLANG_WARN_BLOCK_CAPTURE_AUTORELEASING = YES;
				CLANG_WARN_BOOL_CONVERSION = YES;
				CLANG_WARN_COMMA = YES;
				CLANG_WARN_CONSTANT_CONVERSION = YES;
				CLANG_WARN_DEPRECATED_OBJC_IMPLEMENTATIONS = YES;
				CLANG_WARN_DIRECT_OBJC_ISA_USAGE = YES_ERROR;
				CLANG_WARN_DOCUMENTATION_COMMENTS = YES;
				CLANG_WARN_EMPTY_BODY = YES;
				CLANG_WARN_ENUM_CONVERSION = YES;
				CLANG_WARN_INFINITE_RECURSION = YES;
				CLANG_WARN_INT_CONVERSION = YES;
				CLANG_WARN_NON_LITERAL_NULL_CONVERSION = YES;
				CLANG_WARN_OBJC_IMPLICIT_RETAIN_SELF = YES;
				CLANG_WARN_OBJC_LITERAL_CONVERSION = YES;
				CLANG_WARN_OBJC_ROOT_CLASS = YES_ERROR;
				CLANG_WARN_RANGE_LOOP_ANALYSIS = YES;
				CLANG_WARN_STRICT_PROTOTYPES = YES;
				CLANG_WARN_SUSPICIOUS_MOVE = YES;
				CLANG_WARN_UNGUARDED_AVAILABILITY = YES_AGGRESSIVE;
				CLANG_WARN_UNREACHABLE_CODE = YES;
				CLANG_WARN__DUPLICATE_METHOD_MATCH = YES;
				COPY_PHASE_STRIP = NO;
				DEBUG_INFORMATION_FORMAT = "dwarf-with-dsym";
				ENABLE_NS_ASSERTIONS = NO;
				ENABLE_STRICT_OBJC_MSGSEND = YES;
				GCC_C_LANGUAGE_STANDARD = gnu11;
				GCC_NO_COMMON_BLOCKS = YES;
				GCC_WARN_64_TO_32_BIT_CONVERSION = YES;
				GCC_WARN_ABOUT_RETURN_TYPE = YES_ERROR;
				GCC_WARN_UNDECLARED_SELECTOR = YES;
				GCC_WARN_UNINITIALIZED_AUTOS = YES_AGGRESSIVE;
				GCC_WARN_UNUSED_FUNCTION = YES;
				GCC_WARN_UNUSED_VARIABLE = YES;
				IPHONEOS_DEPLOYMENT_TARGET = 13.0;
				MTL_ENABLE_DEBUG_INFO = NO;
				MTL_FAST_MATH = YES;
				SDKROOT = iphoneos;
				SWIFT_COMPILATION_MODE = wholemodule;
				SWIFT_OPTIMIZATION_LEVEL = "-O";
				VALIDATE_PRODUCT = YES;
			};
			name = Release;
		};
		0146E266236D5E2400FF8731 /* Debug */ = {
			isa = XCBuildConfiguration;
			baseConfigurationReference = 45B48047F65904BC6BF430E9 /* Pods-ZaloraAssignment.debug.xcconfig */;
			buildSettings = {
				ASSETCATALOG_COMPILER_APPICON_NAME = AppIcon;
				CODE_SIGN_STYLE = Automatic;
				DEVELOPMENT_TEAM = MV76X88Q4Q;
				INFOPLIST_FILE = ZaloraAssignment/Info.plist;
				LD_RUNPATH_SEARCH_PATHS = (
					"$(inherited)",
					"@executable_path/Frameworks",
				);
				PRODUCT_BUNDLE_IDENTIFIER = com.frank.ZaloraAssignment;
				PRODUCT_NAME = "$(TARGET_NAME)";
				SWIFT_VERSION = 5.0;
				TARGETED_DEVICE_FAMILY = "1,2";
			};
			name = Debug;
		};
		0146E267236D5E2400FF8731 /* Release */ = {
			isa = XCBuildConfiguration;
			baseConfigurationReference = 580D3462B715D87878DA9BD7 /* Pods-ZaloraAssignment.release.xcconfig */;
			buildSettings = {
				ASSETCATALOG_COMPILER_APPICON_NAME = AppIcon;
				CODE_SIGN_STYLE = Automatic;
				DEVELOPMENT_TEAM = MV76X88Q4Q;
				INFOPLIST_FILE = ZaloraAssignment/Info.plist;
				LD_RUNPATH_SEARCH_PATHS = (
					"$(inherited)",
					"@executable_path/Frameworks",
				);
				PRODUCT_BUNDLE_IDENTIFIER = com.frank.ZaloraAssignment;
				PRODUCT_NAME = "$(TARGET_NAME)";
				SWIFT_VERSION = 5.0;
				TARGETED_DEVICE_FAMILY = "1,2";
			};
			name = Release;
		};
		0146E269236D5E2400FF8731 /* Debug */ = {
			isa = XCBuildConfiguration;
			baseConfigurationReference = F3CB5819391161537E24740B /* Pods-ZaloraAssignmentTests.debug.xcconfig */;
			buildSettings = {
				ALWAYS_EMBED_SWIFT_STANDARD_LIBRARIES = YES;
				BUNDLE_LOADER = "$(TEST_HOST)";
				CODE_SIGN_STYLE = Automatic;
				DEVELOPMENT_TEAM = MV76X88Q4Q;
				INFOPLIST_FILE = ZaloraAssignmentTests/Info.plist;
				IPHONEOS_DEPLOYMENT_TARGET = 13.2;
				LD_RUNPATH_SEARCH_PATHS = (
					"$(inherited)",
					"@executable_path/Frameworks",
					"@loader_path/Frameworks",
				);
				PRODUCT_BUNDLE_IDENTIFIER = com.frank.ZaloraAssignmentTests;
				PRODUCT_NAME = "$(TARGET_NAME)";
				SWIFT_VERSION = 5.0;
				TARGETED_DEVICE_FAMILY = "1,2";
				TEST_HOST = "$(BUILT_PRODUCTS_DIR)/ZaloraAssignment.app/ZaloraAssignment";
			};
			name = Debug;
		};
		0146E26A236D5E2400FF8731 /* Release */ = {
			isa = XCBuildConfiguration;
			baseConfigurationReference = D7625DA9C7CB4A8F9D91867B /* Pods-ZaloraAssignmentTests.release.xcconfig */;
			buildSettings = {
				ALWAYS_EMBED_SWIFT_STANDARD_LIBRARIES = YES;
				BUNDLE_LOADER = "$(TEST_HOST)";
				CODE_SIGN_STYLE = Automatic;
				DEVELOPMENT_TEAM = MV76X88Q4Q;
				INFOPLIST_FILE = ZaloraAssignmentTests/Info.plist;
				IPHONEOS_DEPLOYMENT_TARGET = 13.2;
				LD_RUNPATH_SEARCH_PATHS = (
					"$(inherited)",
					"@executable_path/Frameworks",
					"@loader_path/Frameworks",
				);
				PRODUCT_BUNDLE_IDENTIFIER = com.frank.ZaloraAssignmentTests;
				PRODUCT_NAME = "$(TARGET_NAME)";
				SWIFT_VERSION = 5.0;
				TARGETED_DEVICE_FAMILY = "1,2";
				TEST_HOST = "$(BUILT_PRODUCTS_DIR)/ZaloraAssignment.app/ZaloraAssignment";
			};
			name = Release;
		};
/* End XCBuildConfiguration section */

/* Begin XCConfigurationList section */
		0146E241236D5E2200FF8731 /* Build configuration list for PBXProject "ZaloraAssignment" */ = {
			isa = XCConfigurationList;
			buildConfigurations = (
				0146E263236D5E2400FF8731 /* Debug */,
				0146E264236D5E2400FF8731 /* Release */,
			);
			defaultConfigurationIsVisible = 0;
			defaultConfigurationName = Release;
		};
		0146E265236D5E2400FF8731 /* Build configuration list for PBXNativeTarget "ZaloraAssignment" */ = {
			isa = XCConfigurationList;
			buildConfigurations = (
				0146E266236D5E2400FF8731 /* Debug */,
				0146E267236D5E2400FF8731 /* Release */,
			);
			defaultConfigurationIsVisible = 0;
			defaultConfigurationName = Release;
		};
		0146E268236D5E2400FF8731 /* Build configuration list for PBXNativeTarget "ZaloraAssignmentTests" */ = {
			isa = XCConfigurationList;
			buildConfigurations = (
				0146E269236D5E2400FF8731 /* Debug */,
				0146E26A236D5E2400FF8731 /* Release */,
			);
			defaultConfigurationIsVisible = 0;
			defaultConfigurationName = Release;
		};
/* End XCConfigurationList section */
	};
	rootObject = 0146E23E236D5E2200FF8731 /* Project object */;
}
